{
  "version": 4,
  "terraform_version": "0.13.4",
  "serial": 12,
  "lineage": "42da2f8f-31bf-495e-13cc-d32c77753dbc",
  "outputs": {},
  "resources": [
    {
      "mode": "managed",
      "type": "random_pet",
      "name": "name",
      "provider": "provider[\"registry.terraform.io/hashicorp/random\"]",
      "instances": [
        {
          "schema_version": 0,
          "attributes": {
            "id": "sincere-quetzal",
            "keepers": null,
            "length": 2,
            "prefix": null,
            "separator": "-"
          },
          "private": "bnVsbA=="
        }
      ]
    },
    {
      "mode": "managed",
      "type": "tfe_variable",
      "name": "mt_access_token",
      "provider": "provider[\"registry.terraform.io/hashicorp/tfe\"]",
      "instances": [
        {
          "schema_version": 1,
          "attributes": {
            "category": "env",
            "description": "Workspace that created the Minetest Server",
            "hcl": false,
            "id": "var-G1ZEftGbqUbu9zHy",
            "key": "access_token",
            "sensitive": true,
            "value": "",
            "workspace_id": "ws-pRjmLVyZ3q7AQmG3"
          },
          "private": "eyJzY2hlbWFfdmVyc2lvbiI6IjEifQ==",
          "dependencies": [
            "tfe_workspace.minetest_server"
          ]
        }
      ]
    },
    {
      "mode": "managed",
      "type": "tfe_variable",
      "name": "mt_env_name",
      "provider": "provider[\"registry.terraform.io/hashicorp/tfe\"]",
      "instances": [
        {
          "schema_version": 1,
          "attributes": {
            "category": "terraform",
            "description": "Name of the Component",
            "hcl": false,
            "id": "var-x2Wukj2iHjzo8Ziq",
            "key": "env_name",
            "sensitive": false,
            "value": "minetest_sincere-quetzal",
            "workspace_id": "ws-pRjmLVyZ3q7AQmG3"
          },
          "private": "eyJzY2hlbWFfdmVyc2lvbiI6IjEifQ==",
          "dependencies": [
            "random_pet.name",
            "tfe_workspace.minetest_server"
          ]
        }
      ]
    },
    {
      "mode": "managed",
      "type": "tfe_variable",
      "name": "mt_env_stage",
      "provider": "provider[\"registry.terraform.io/hashicorp/tfe\"]",
      "instances": [
        {
          "schema_version": 1,
          "attributes": {
            "category": "terraform",
            "description": "Stage of the Component",
            "hcl": false,
            "id": "var-MmY7EoRA5t1rJJ6R",
            "key": "env_stage",
            "sensitive": false,
            "value": "dev",
            "workspace_id": "ws-pRjmLVyZ3q7AQmG3"
          },
          "private": "eyJzY2hlbWFfdmVyc2lvbiI6IjEifQ==",
          "dependencies": [
            "tfe_workspace.minetest_server"
          ]
        }
      ]
    },
    {
      "mode": "managed",
      "type": "tfe_variable",
      "name": "mt_keyname",
      "provider": "provider[\"registry.terraform.io/hashicorp/tfe\"]",
      "instances": [
        {
          "schema_version": 1,
          "attributes": {
            "category": "terraform",
            "description": "keyname of the Component",
            "hcl": false,
            "id": "var-RMoEP1frtM4bXJ5N",
            "key": "keyname",
            "sensitive": false,
            "value": "tfh_key",
            "workspace_id": "ws-pRjmLVyZ3q7AQmG3"
          },
          "private": "eyJzY2hlbWFfdmVyc2lvbiI6IjEifQ==",
          "dependencies": [
            "tfe_workspace.minetest_server"
          ]
        }
      ]
    },
    {
      "mode": "managed",
      "type": "tfe_variable",
      "name": "mt_location",
      "provider": "provider[\"registry.terraform.io/hashicorp/tfe\"]",
      "instances": [
        {
          "schema_version": 1,
          "attributes": {
            "category": "terraform",
            "description": "Location of the Component",
            "hcl": false,
            "id": "var-FzJoBgdPfrvZtDLn",
            "key": "location",
            "sensitive": false,
            "value": "nbg1",
            "workspace_id": "ws-pRjmLVyZ3q7AQmG3"
          },
          "private": "eyJzY2hlbWFfdmVyc2lvbiI6IjEifQ==",
          "dependencies": [
            "tfe_workspace.minetest_server"
          ]
        }
      ]
    },
    {
      "mode": "managed",
      "type": "tfe_variable",
      "name": "mt_network_zone",
      "provider": "provider[\"registry.terraform.io/hashicorp/tfe\"]",
      "instances": [
        {
          "schema_version": 1,
          "attributes": {
            "category": "terraform",
            "description": "network_zone of the Component",
            "hcl": false,
            "id": "var-YTtVhFZoEsPc8rYR",
            "key": "network_zone",
            "sensitive": false,
            "value": "eu-central",
            "workspace_id": "ws-pRjmLVyZ3q7AQmG3"
          },
          "private": "eyJzY2hlbWFfdmVyc2lvbiI6IjEifQ==",
          "dependencies": [
            "tfe_workspace.minetest_server"
          ]
        }
      ]
    },
    {
      "mode": "managed",
      "type": "tfe_variable",
      "name": "mt_server_image",
      "provider": "provider[\"registry.terraform.io/hashicorp/tfe\"]",
      "instances": [
        {
          "schema_version": 1,
          "attributes": {
            "category": "terraform",
            "description": "server_image of the Component",
            "hcl": false,
            "id": "var-HDKZvw7V8fdFutjP",
            "key": "server_image",
            "sensitive": false,
            "value": "ubuntu-18.04",
            "workspace_id": "ws-pRjmLVyZ3q7AQmG3"
          },
          "private": "eyJzY2hlbWFfdmVyc2lvbiI6IjEifQ==",
          "dependencies": [
            "tfe_workspace.minetest_server"
          ]
        }
      ]
    },
    {
      "mode": "managed",
      "type": "tfe_variable",
      "name": "mt_server_type",
      "provider": "provider[\"registry.terraform.io/hashicorp/tfe\"]",
      "instances": [
        {
          "schema_version": 1,
          "attributes": {
            "category": "terraform",
            "description": "server_type of the Component",
            "hcl": false,
            "id": "var-yd8Vf998Y2wPpgoW",
            "key": "server_type",
            "sensitive": false,
            "value": "cx11",
            "workspace_id": "ws-pRjmLVyZ3q7AQmG3"
          },
          "private": "eyJzY2hlbWFfdmVyc2lvbiI6IjEifQ==",
          "dependencies": [
            "tfe_workspace.minetest_server"
          ]
        }
      ]
    },
    {
      "mode": "managed",
      "type": "tfe_variable",
      "name": "mt_system_function",
      "provider": "provider[\"registry.terraform.io/hashicorp/tfe\"]",
      "instances": [
        {
          "schema_version": 1,
          "attributes": {
            "category": "terraform",
            "description": "System Function of the Component",
            "hcl": false,
            "id": "var-WSx5zh4Eey9tpQjP",
            "key": "system_function",
            "sensitive": false,
            "value": "APPLICATION",
            "workspace_id": "ws-pRjmLVyZ3q7AQmG3"
          },
          "private": "eyJzY2hlbWFfdmVyc2lvbiI6IjEifQ==",
          "dependencies": [
            "tfe_workspace.minetest_server"
          ]
        }
      ]
    },
    {
      "mode": "managed",
      "type": "tfe_workspace",
      "name": "minetest_server",
      "provider": "provider[\"registry.terraform.io/hashicorp/tfe\"]",
      "instances": [
        {
          "schema_version": 1,
          "attributes": {
            "auto_apply": false,
            "external_id": "ws-pRjmLVyZ3q7AQmG3",
            "file_triggers_enabled": true,
            "id": "ws-pRjmLVyZ3q7AQmG3",
            "name": "dev_minetest_server",
            "operations": true,
            "organization": "selfscrum",
            "queue_all_runs": false,
            "speculative_enabled": true,
            "ssh_key_id": "",
            "terraform_version": "0.14.3",
            "trigger_prefixes": null,
            "vcs_repo": [],
            "working_directory": ""
          },
          "private": "eyJzY2hlbWFfdmVyc2lvbiI6IjEifQ=="
        }
      ]
    }
  ]
}
